
Microsoft Visual Studio Solution File, Format Version 12.00
# Visual Studio 14
VisualStudioVersion = 14.0.25420.1
MinimumVisualStudioVersion = 10.0.40219.1
Project("{FAE04EC0-301F-11D3-BF4B-00C04F79EFBC}") = "Schlatplan", "Schlatplan\Schlatplan.csproj", "{A3E126DA-C3E0-4AAA-8276-C92BE6EB8453}"
EndProject
Project("{FAE04EC0-301F-11D3-BF4B-00C04F79EFBC}") = "Schaltplan.Test", "Schaltplan.Test\Schaltplan.Test.csproj", "{7F765AB0-E433-40D5-A65E-973E0E822E4E}"
EndProject
Global
	GlobalSection(SolutionConfigurationPlatforms) = preSolution
		Debug|Any CPU = Debug|Any CPU
		Release|Any CPU = Release|Any CPU
	EndGlobalSection
	GlobalSection(ProjectConfigurationPlatforms) = postSolution
		{A3E126DA-C3E0-4AAA-8276-C92BE6EB8453}.Debug|Any CPU.ActiveCfg = Debug|Any CPU
		{A3E126DA-C3E0-4AAA-8276-C92BE6EB8453}.Debug|Any CPU.Build.0 = Debug|Any CPU
		{A3E126DA-C3E0-4AAA-8276-C92BE6EB8453}.Release|Any CPU.ActiveCfg = Release|Any CPU
		{A3E126DA-C3E0-4AAA-8276-C92BE6EB8453}.Release|Any CPU.Build.0 = Release|Any CPU
		{7F765AB0-E433-40D5-A65E-973E0E822E4E}.Debug|Any CPU.ActiveCfg = Debug|Any CPU
		{7F765AB0-E433-40D5-A65E-973E0E822E4E}.Debug|Any CPU.Build.0 = Debug|Any CPU
		{7F765AB0-E433-40D5-A65E-973E0E822E4E}.Release|Any CPU.ActiveCfg = Release|Any CPU
		{7F765AB0-E433-40D5-A65E-973E0E822E4E}.Release|Any CPU.Build.0 = Release|Any CPU
	EndGlobalSection
	GlobalSection(SolutionProperties) = preSolution
		HideSolutionNode = FALSE
	EndGlobalSection
EndGlobal
